
Microsoft Visual Studio Solution File, Format Version 12.00
# Visual Studio Version 17
VisualStudioVersion = 17.14.36414.22 d17.14
MinimumVisualStudioVersion = 10.0.40219.1
Project("{FAE04EC0-301F-11D3-BF4B-00C04F79EFBC}") = "DataLink", "DataLink.csproj", "{034E27C8-AAB6-4B04-BE3A-5D2210BE7090}"
EndProject
Global
	GlobalSection(SolutionConfigurationPlatforms) = preSolution
		Debug|Any CPU = Debug|Any CPU
		Release|Any CPU = Release|Any CPU
	EndGlobalSection
	GlobalSection(ProjectConfigurationPlatforms) = postSolution
		{034E27C8-AAB6-4B04-BE3A-5D2210BE7090}.Debug|Any CPU.ActiveCfg = Debug|Any CPU
		{034E27C8-AAB6-4B04-BE3A-5D2210BE7090}.Debug|Any CPU.Build.0 = Debug|Any CPU
		{034E27C8-AAB6-4B04-BE3A-5D2210BE7090}.Release|Any CPU.ActiveCfg = Release|Any CPU
		{034E27C8-AAB6-4B04-BE3A-5D2210BE7090}.Release|Any CPU.Build.0 = Release|Any CPU
	EndGlobalSection
	GlobalSection(SolutionProperties) = preSolution
		HideSolutionNode = FALSE
	EndGlobalSection
	GlobalSection(ExtensibilityGlobals) = postSolution
		SolutionGuid = {0A6118C6-60DF-4A7F-A66B-7272E45E602C}
	EndGlobalSection
EndGlobal
